
Microsoft Visual Studio Solution File, Format Version 12.00
# Visual Studio Version 17
VisualStudioVersion = 17.0.31903.59
MinimumVisualStudioVersion = 10.0.40219.1
Project("{2150E333-8FDC-42A3-9474-1A3956D46DE8}") = "src", "src", "{118C59AB-3FA2-40D4-9FD1-EAA0FD6140CB}"
EndProject
Project("{FAE04EC0-301F-11D3-BF4B-00C04F79EFBC}") = "Bartrix.Api", "src\Bartrix.Api\Bartrix.Api.csproj", "{A111811C-A6F6-4CFD-B29D-EA7B4850ADDD}"
EndProject
Project("{FAE04EC0-301F-11D3-BF4B-00C04F79EFBC}") = "Bartrix.SharedKernel", "src\Bartrix.SharedKernel\Bartrix.SharedKernel.csproj", "{4028A843-2477-4B29-9BC8-C63B9C84CB8F}"
EndProject
Project("{FAE04EC0-301F-11D3-BF4B-00C04F79EFBC}") = "Bartrix.BuildingBlocks", "src\Bartrix.BuildingBlocks\Bartrix.BuildingBlocks.csproj", "{9B36CC93-70E3-4FAA-B908-59D44D1554C6}"
EndProject
Project("{2150E333-8FDC-42A3-9474-1A3956D46DE8}") = "Modules", "Modules", "{2B1F9CE9-33DF-42F2-BFFF-89A06BC11C3E}"
EndProject
Project("{FAE04EC0-301F-11D3-BF4B-00C04F79EFBC}") = "Bartrix.Modules.Auth", "src\Modules\Auth\Bartrix.Modules.Auth.csproj", "{FCBF0F37-526C-4602-AA4C-60E0391DD198}"
EndProject
Project("{FAE04EC0-301F-11D3-BF4B-00C04F79EFBC}") = "Bartrix.Modules.Profiles", "src\Modules\Profiles\Bartrix.Modules.Profiles.csproj", "{A77B77F6-4A23-44C6-80E7-66C78BECB9E8}"
EndProject
Project("{FAE04EC0-301F-11D3-BF4B-00C04F79EFBC}") = "Bartrix.Modules.Listings", "src\Modules\Listings\Bartrix.Modules.Listings.csproj", "{35439530-B91E-4A5F-A1E2-36D2C24107D9}"
EndProject
Project("{FAE04EC0-301F-11D3-BF4B-00C04F79EFBC}") = "Bartrix.Modules.Trades", "src\Modules\Trades\Bartrix.Modules.Trades.csproj", "{EA58BBE2-2083-4972-A4F4-2BAE1890D7E9}"
EndProject
Project("{FAE04EC0-301F-11D3-BF4B-00C04F79EFBC}") = "Bartrix.Modules.Messaging", "src\Modules\Messaging\Bartrix.Modules.Messaging.csproj", "{A9679EBF-E781-47C4-AAE0-75A53ED5F49A}"
EndProject
Project("{FAE04EC0-301F-11D3-BF4B-00C04F79EFBC}") = "Bartrix.Modules.Reputation", "src\Modules\Reputation\Bartrix.Modules.Reputation.csproj", "{7062406C-07DB-4DB9-9593-AB71D42B3CAF}"
EndProject
Project("{FAE04EC0-301F-11D3-BF4B-00C04F79EFBC}") = "Bartrix.Modules.Services", "src\Modules\Services\Bartrix.Modules.Services.csproj", "{86E74014-E62B-4901-9DA5-267AAEC26E24}"
EndProject
Project("{FAE04EC0-301F-11D3-BF4B-00C04F79EFBC}") = "Bartrix.Modules.Search", "src\Modules\Search\Bartrix.Modules.Search.csproj", "{6DBE062D-E309-4C02-9778-28A0B0B6AC6F}"
EndProject
Project("{FAE04EC0-301F-11D3-BF4B-00C04F79EFBC}") = "Bartrix.Modules.Delivery", "src\Modules\Delivery\Bartrix.Modules.Delivery.csproj", "{67F020EA-187F-43E4-B0DB-6E56EFCE5492}"
EndProject
Project("{2150E333-8FDC-42A3-9474-1A3956D46DE8}") = "tests", "tests", "{783DD2CA-163C-455F-9D35-E34C99307AAB}"
EndProject
Project("{FAE04EC0-301F-11D3-BF4B-00C04F79EFBC}") = "Bartrix.Api.Tests", "tests\Bartrix.Api.Tests\Bartrix.Api.Tests.csproj", "{9311EFCD-416C-48D2-87E4-FD32E73E96DE}"
EndProject
Project("{2150E333-8FDC-42A3-9474-1A3956D46DE8}") = "Modules", "Modules", "{9022F3DE-4997-4C59-B191-38D05DA23F59}"
EndProject
Project("{FAE04EC0-301F-11D3-BF4B-00C04F79EFBC}") = "Bartrix.Modules.Auth.Tests", "tests\Modules\Auth.Tests\Bartrix.Modules.Auth.Tests.csproj", "{3B2922C9-AE00-48A2-8A03-2BF082261403}"
EndProject
Project("{FAE04EC0-301F-11D3-BF4B-00C04F79EFBC}") = "Bartrix.Modules.Profiles.Tests", "tests\Modules\Profiles.Tests\Bartrix.Modules.Profiles.Tests.csproj", "{377335AE-1E4C-40C2-85DD-D8632AEC3F5B}"
EndProject
Project("{FAE04EC0-301F-11D3-BF4B-00C04F79EFBC}") = "Bartrix.Modules.Listings.Tests", "tests\Modules\Listings.Tests\Bartrix.Modules.Listings.Tests.csproj", "{840F81CD-1E68-4571-A949-191B56726ACB}"
EndProject
Project("{FAE04EC0-301F-11D3-BF4B-00C04F79EFBC}") = "Bartrix.Modules.Trades.Tests", "tests\Modules\Trades.Tests\Bartrix.Modules.Trades.Tests.csproj", "{495FFC00-C4B5-43DF-96AF-ED44A4B05349}"
EndProject
Project("{FAE04EC0-301F-11D3-BF4B-00C04F79EFBC}") = "Bartrix.Modules.Messaging.Tests", "tests\Modules\Messaging.Tests\Bartrix.Modules.Messaging.Tests.csproj", "{84656AED-04A5-4137-BC87-57BA9C3E3A84}"
EndProject
Project("{FAE04EC0-301F-11D3-BF4B-00C04F79EFBC}") = "Bartrix.Modules.Reputation.Tests", "tests\Modules\Reputation.Tests\Bartrix.Modules.Reputation.Tests.csproj", "{C68C07FB-90AC-45FF-98D0-7BF09CA766ED}"
EndProject
Project("{FAE04EC0-301F-11D3-BF4B-00C04F79EFBC}") = "Bartrix.Modules.Services.Tests", "tests\Modules\Services.Tests\Bartrix.Modules.Services.Tests.csproj", "{2B89F1CC-1626-4244-90C7-CF4CE7F25599}"
EndProject
Project("{FAE04EC0-301F-11D3-BF4B-00C04F79EFBC}") = "Bartrix.Modules.Search.Tests", "tests\Modules\Search.Tests\Bartrix.Modules.Search.Tests.csproj", "{665BF763-7894-4492-8685-5FDD9087D0E6}"
EndProject
Project("{FAE04EC0-301F-11D3-BF4B-00C04F79EFBC}") = "Bartrix.Modules.Delivery.Tests", "tests\Modules\Delivery.Tests\Bartrix.Modules.Delivery.Tests.csproj", "{67462689-A6DB-44F1-B6E2-3B453E96AF8D}"
EndProject
Global
	GlobalSection(SolutionConfigurationPlatforms) = preSolution
		Debug|Any CPU = Debug|Any CPU
		Release|Any CPU = Release|Any CPU
	EndGlobalSection
	GlobalSection(SolutionProperties) = preSolution
		HideSolutionNode = FALSE
	EndGlobalSection
	GlobalSection(ProjectConfigurationPlatforms) = postSolution
		{A111811C-A6F6-4CFD-B29D-EA7B4850ADDD}.Debug|Any CPU.ActiveCfg = Debug|Any CPU
		{A111811C-A6F6-4CFD-B29D-EA7B4850ADDD}.Debug|Any CPU.Build.0 = Debug|Any CPU
		{A111811C-A6F6-4CFD-B29D-EA7B4850ADDD}.Release|Any CPU.ActiveCfg = Release|Any CPU
		{A111811C-A6F6-4CFD-B29D-EA7B4850ADDD}.Release|Any CPU.Build.0 = Release|Any CPU
		{4028A843-2477-4B29-9BC8-C63B9C84CB8F}.Debug|Any CPU.ActiveCfg = Debug|Any CPU
		{4028A843-2477-4B29-9BC8-C63B9C84CB8F}.Debug|Any CPU.Build.0 = Debug|Any CPU
		{4028A843-2477-4B29-9BC8-C63B9C84CB8F}.Release|Any CPU.ActiveCfg = Release|Any CPU
		{4028A843-2477-4B29-9BC8-C63B9C84CB8F}.Release|Any CPU.Build.0 = Release|Any CPU
		{9B36CC93-70E3-4FAA-B908-59D44D1554C6}.Debug|Any CPU.ActiveCfg = Debug|Any CPU
		{9B36CC93-70E3-4FAA-B908-59D44D1554C6}.Debug|Any CPU.Build.0 = Debug|Any CPU
		{9B36CC93-70E3-4FAA-B908-59D44D1554C6}.Release|Any CPU.ActiveCfg = Release|Any CPU
		{9B36CC93-70E3-4FAA-B908-59D44D1554C6}.Release|Any CPU.Build.0 = Release|Any CPU
		{FCBF0F37-526C-4602-AA4C-60E0391DD198}.Debug|Any CPU.ActiveCfg = Debug|Any CPU
		{FCBF0F37-526C-4602-AA4C-60E0391DD198}.Debug|Any CPU.Build.0 = Debug|Any CPU
		{FCBF0F37-526C-4602-AA4C-60E0391DD198}.Release|Any CPU.ActiveCfg = Release|Any CPU
		{FCBF0F37-526C-4602-AA4C-60E0391DD198}.Release|Any CPU.Build.0 = Release|Any CPU
		{A77B77F6-4A23-44C6-80E7-66C78BECB9E8}.Debug|Any CPU.ActiveCfg = Debug|Any CPU
		{A77B77F6-4A23-44C6-80E7-66C78BECB9E8}.Debug|Any CPU.Build.0 = Debug|Any CPU
		{A77B77F6-4A23-44C6-80E7-66C78BECB9E8}.Release|Any CPU.ActiveCfg = Release|Any CPU
		{A77B77F6-4A23-44C6-80E7-66C78BECB9E8}.Release|Any CPU.Build.0 = Release|Any CPU
		{35439530-B91E-4A5F-A1E2-36D2C24107D9}.Debug|Any CPU.ActiveCfg = Debug|Any CPU
		{35439530-B91E-4A5F-A1E2-36D2C24107D9}.Debug|Any CPU.Build.0 = Debug|Any CPU
		{35439530-B91E-4A5F-A1E2-36D2C24107D9}.Release|Any CPU.ActiveCfg = Release|Any CPU
		{35439530-B91E-4A5F-A1E2-36D2C24107D9}.Release|Any CPU.Build.0 = Release|Any CPU
		{EA58BBE2-2083-4972-A4F4-2BAE1890D7E9}.Debug|Any CPU.ActiveCfg = Debug|Any CPU
		{EA58BBE2-2083-4972-A4F4-2BAE1890D7E9}.Debug|Any CPU.Build.0 = Debug|Any CPU
		{EA58BBE2-2083-4972-A4F4-2BAE1890D7E9}.Release|Any CPU.ActiveCfg = Release|Any CPU
		{EA58BBE2-2083-4972-A4F4-2BAE1890D7E9}.Release|Any CPU.Build.0 = Release|Any CPU
		{A9679EBF-E781-47C4-AAE0-75A53ED5F49A}.Debug|Any CPU.ActiveCfg = Debug|Any CPU
		{A9679EBF-E781-47C4-AAE0-75A53ED5F49A}.Debug|Any CPU.Build.0 = Debug|Any CPU
		{A9679EBF-E781-47C4-AAE0-75A53ED5F49A}.Release|Any CPU.ActiveCfg = Release|Any CPU
		{A9679EBF-E781-47C4-AAE0-75A53ED5F49A}.Release|Any CPU.Build.0 = Release|Any CPU
		{7062406C-07DB-4DB9-9593-AB71D42B3CAF}.Debug|Any CPU.ActiveCfg = Debug|Any CPU
		{7062406C-07DB-4DB9-9593-AB71D42B3CAF}.Debug|Any CPU.Build.0 = Debug|Any CPU
		{7062406C-07DB-4DB9-9593-AB71D42B3CAF}.Release|Any CPU.ActiveCfg = Release|Any CPU
		{7062406C-07DB-4DB9-9593-AB71D42B3CAF}.Release|Any CPU.Build.0 = Release|Any CPU
		{86E74014-E62B-4901-9DA5-267AAEC26E24}.Debug|Any CPU.ActiveCfg = Debug|Any CPU
		{86E74014-E62B-4901-9DA5-267AAEC26E24}.Debug|Any CPU.Build.0 = Debug|Any CPU
		{86E74014-E62B-4901-9DA5-267AAEC26E24}.Release|Any CPU.ActiveCfg = Release|Any CPU
		{86E74014-E62B-4901-9DA5-267AAEC26E24}.Release|Any CPU.Build.0 = Release|Any CPU
		{6DBE062D-E309-4C02-9778-28A0B0B6AC6F}.Debug|Any CPU.ActiveCfg = Debug|Any CPU
		{6DBE062D-E309-4C02-9778-28A0B0B6AC6F}.Debug|Any CPU.Build.0 = Debug|Any CPU
		{6DBE062D-E309-4C02-9778-28A0B0B6AC6F}.Release|Any CPU.ActiveCfg = Release|Any CPU
		{6DBE062D-E309-4C02-9778-28A0B0B6AC6F}.Release|Any CPU.Build.0 = Release|Any CPU
		{67F020EA-187F-43E4-B0DB-6E56EFCE5492}.Debug|Any CPU.ActiveCfg = Debug|Any CPU
		{67F020EA-187F-43E4-B0DB-6E56EFCE5492}.Debug|Any CPU.Build.0 = Debug|Any CPU
		{67F020EA-187F-43E4-B0DB-6E56EFCE5492}.Release|Any CPU.ActiveCfg = Release|Any CPU
		{67F020EA-187F-43E4-B0DB-6E56EFCE5492}.Release|Any CPU.Build.0 = Release|Any CPU
		{9311EFCD-416C-48D2-87E4-FD32E73E96DE}.Debug|Any CPU.ActiveCfg = Debug|Any CPU
		{9311EFCD-416C-48D2-87E4-FD32E73E96DE}.Debug|Any CPU.Build.0 = Debug|Any CPU
		{9311EFCD-416C-48D2-87E4-FD32E73E96DE}.Release|Any CPU.ActiveCfg = Release|Any CPU
		{9311EFCD-416C-48D2-87E4-FD32E73E96DE}.Release|Any CPU.Build.0 = Release|Any CPU
		{3B2922C9-AE00-48A2-8A03-2BF082261403}.Debug|Any CPU.ActiveCfg = Debug|Any CPU
		{3B2922C9-AE00-48A2-8A03-2BF082261403}.Debug|Any CPU.Build.0 = Debug|Any CPU
		{3B2922C9-AE00-48A2-8A03-2BF082261403}.Release|Any CPU.ActiveCfg = Release|Any CPU
		{3B2922C9-AE00-48A2-8A03-2BF082261403}.Release|Any CPU.Build.0 = Release|Any CPU
		{377335AE-1E4C-40C2-85DD-D8632AEC3F5B}.Debug|Any CPU.ActiveCfg = Debug|Any CPU
		{377335AE-1E4C-40C2-85DD-D8632AEC3F5B}.Debug|Any CPU.Build.0 = Debug|Any CPU
		{377335AE-1E4C-40C2-85DD-D8632AEC3F5B}.Release|Any CPU.ActiveCfg = Release|Any CPU
		{377335AE-1E4C-40C2-85DD-D8632AEC3F5B}.Release|Any CPU.Build.0 = Release|Any CPU
		{840F81CD-1E68-4571-A949-191B56726ACB}.Debug|Any CPU.ActiveCfg = Debug|Any CPU
		{840F81CD-1E68-4571-A949-191B56726ACB}.Debug|Any CPU.Build.0 = Debug|Any CPU
		{840F81CD-1E68-4571-A949-191B56726ACB}.Release|Any CPU.ActiveCfg = Release|Any CPU
		{840F81CD-1E68-4571-A949-191B56726ACB}.Release|Any CPU.Build.0 = Release|Any CPU
		{495FFC00-C4B5-43DF-96AF-ED44A4B05349}.Debug|Any CPU.ActiveCfg = Debug|Any CPU
		{495FFC00-C4B5-43DF-96AF-ED44A4B05349}.Debug|Any CPU.Build.0 = Debug|Any CPU
		{495FFC00-C4B5-43DF-96AF-ED44A4B05349}.Release|Any CPU.ActiveCfg = Release|Any CPU
		{495FFC00-C4B5-43DF-96AF-ED44A4B05349}.Release|Any CPU.Build.0 = Release|Any CPU
		{84656AED-04A5-4137-BC87-57BA9C3E3A84}.Debug|Any CPU.ActiveCfg = Debug|Any CPU
		{84656AED-04A5-4137-BC87-57BA9C3E3A84}.Debug|Any CPU.Build.0 = Debug|Any CPU
		{84656AED-04A5-4137-BC87-57BA9C3E3A84}.Release|Any CPU.ActiveCfg = Release|Any CPU
		{84656AED-04A5-4137-BC87-57BA9C3E3A84}.Release|Any CPU.Build.0 = Release|Any CPU
		{C68C07FB-90AC-45FF-98D0-7BF09CA766ED}.Debug|Any CPU.ActiveCfg = Debug|Any CPU
		{C68C07FB-90AC-45FF-98D0-7BF09CA766ED}.Debug|Any CPU.Build.0 = Debug|Any CPU
		{C68C07FB-90AC-45FF-98D0-7BF09CA766ED}.Release|Any CPU.ActiveCfg = Release|Any CPU
		{C68C07FB-90AC-45FF-98D0-7BF09CA766ED}.Release|Any CPU.Build.0 = Release|Any CPU
		{2B89F1CC-1626-4244-90C7-CF4CE7F25599}.Debug|Any CPU.ActiveCfg = Debug|Any CPU
		{2B89F1CC-1626-4244-90C7-CF4CE7F25599}.Debug|Any CPU.Build.0 = Debug|Any CPU
		{2B89F1CC-1626-4244-90C7-CF4CE7F25599}.Release|Any CPU.ActiveCfg = Release|Any CPU
		{2B89F1CC-1626-4244-90C7-CF4CE7F25599}.Release|Any CPU.Build.0 = Release|Any CPU
		{665BF763-7894-4492-8685-5FDD9087D0E6}.Debug|Any CPU.ActiveCfg = Debug|Any CPU
		{665BF763-7894-4492-8685-5FDD9087D0E6}.Debug|Any CPU.Build.0 = Debug|Any CPU
		{665BF763-7894-4492-8685-5FDD9087D0E6}.Release|Any CPU.ActiveCfg = Release|Any CPU
		{665BF763-7894-4492-8685-5FDD9087D0E6}.Release|Any CPU.Build.0 = Release|Any CPU
		{67462689-A6DB-44F1-B6E2-3B453E96AF8D}.Debug|Any CPU.ActiveCfg = Debug|Any CPU
		{67462689-A6DB-44F1-B6E2-3B453E96AF8D}.Debug|Any CPU.Build.0 = Debug|Any CPU
		{67462689-A6DB-44F1-B6E2-3B453E96AF8D}.Release|Any CPU.ActiveCfg = Release|Any CPU
		{67462689-A6DB-44F1-B6E2-3B453E96AF8D}.Release|Any CPU.Build.0 = Release|Any CPU
	EndGlobalSection
	GlobalSection(NestedProjects) = preSolution
		{A111811C-A6F6-4CFD-B29D-EA7B4850ADDD} = {118C59AB-3FA2-40D4-9FD1-EAA0FD6140CB}
		{4028A843-2477-4B29-9BC8-C63B9C84CB8F} = {118C59AB-3FA2-40D4-9FD1-EAA0FD6140CB}
		{9B36CC93-70E3-4FAA-B908-59D44D1554C6} = {118C59AB-3FA2-40D4-9FD1-EAA0FD6140CB}
		{2B1F9CE9-33DF-42F2-BFFF-89A06BC11C3E} = {118C59AB-3FA2-40D4-9FD1-EAA0FD6140CB}
		{FCBF0F37-526C-4602-AA4C-60E0391DD198} = {2B1F9CE9-33DF-42F2-BFFF-89A06BC11C3E}
		{A77B77F6-4A23-44C6-80E7-66C78BECB9E8} = {2B1F9CE9-33DF-42F2-BFFF-89A06BC11C3E}
		{35439530-B91E-4A5F-A1E2-36D2C24107D9} = {2B1F9CE9-33DF-42F2-BFFF-89A06BC11C3E}
		{EA58BBE2-2083-4972-A4F4-2BAE1890D7E9} = {2B1F9CE9-33DF-42F2-BFFF-89A06BC11C3E}
		{A9679EBF-E781-47C4-AAE0-75A53ED5F49A} = {2B1F9CE9-33DF-42F2-BFFF-89A06BC11C3E}
		{7062406C-07DB-4DB9-9593-AB71D42B3CAF} = {2B1F9CE9-33DF-42F2-BFFF-89A06BC11C3E}
		{86E74014-E62B-4901-9DA5-267AAEC26E24} = {2B1F9CE9-33DF-42F2-BFFF-89A06BC11C3E}
		{6DBE062D-E309-4C02-9778-28A0B0B6AC6F} = {2B1F9CE9-33DF-42F2-BFFF-89A06BC11C3E}
		{67F020EA-187F-43E4-B0DB-6E56EFCE5492} = {2B1F9CE9-33DF-42F2-BFFF-89A06BC11C3E}
		{9311EFCD-416C-48D2-87E4-FD32E73E96DE} = {783DD2CA-163C-455F-9D35-E34C99307AAB}
		{9022F3DE-4997-4C59-B191-38D05DA23F59} = {783DD2CA-163C-455F-9D35-E34C99307AAB}
		{3B2922C9-AE00-48A2-8A03-2BF082261403} = {9022F3DE-4997-4C59-B191-38D05DA23F59}
		{377335AE-1E4C-40C2-85DD-D8632AEC3F5B} = {9022F3DE-4997-4C59-B191-38D05DA23F59}
		{840F81CD-1E68-4571-A949-191B56726ACB} = {9022F3DE-4997-4C59-B191-38D05DA23F59}
		{495FFC00-C4B5-43DF-96AF-ED44A4B05349} = {9022F3DE-4997-4C59-B191-38D05DA23F59}
		{84656AED-04A5-4137-BC87-57BA9C3E3A84} = {9022F3DE-4997-4C59-B191-38D05DA23F59}
		{C68C07FB-90AC-45FF-98D0-7BF09CA766ED} = {9022F3DE-4997-4C59-B191-38D05DA23F59}
		{2B89F1CC-1626-4244-90C7-CF4CE7F25599} = {9022F3DE-4997-4C59-B191-38D05DA23F59}
		{665BF763-7894-4492-8685-5FDD9087D0E6} = {9022F3DE-4997-4C59-B191-38D05DA23F59}
		{67462689-A6DB-44F1-B6E2-3B453E96AF8D} = {9022F3DE-4997-4C59-B191-38D05DA23F59}
	EndGlobalSection
EndGlobal
